# Run ./gradlew writeVersionsLocks to regenerate this file
com.google.code.findbugs:jsr305:3.0.2 (1 constraints: 170aecb4)
com.google.errorprone:error_prone_annotations:2.36.0 (1 constraints: 4d0a49bf)
com.google.guava:failureaccess:1.0.2 (1 constraints: 150ae2b4)
com.google.guava:guava:33.4.0-jre (2 constraints: d31e7b7d)
com.google.guava:listenablefuture:9999.0-empty-to-avoid-conflict-with-guava (1 constraints: bd17c918)
com.google.j2objc:j2objc-annotations:3.0.0 (1 constraints: 150aeab4)
org.checkerframework:checker-qual:3.43.0 (1 constraints: 4c0a4abf)
org.immutables:value:2.10.1 (1 constraints: 3605303b)

[Test dependencies]
com.palantir.gradle.plugintesting:plugin-testing-core:0.6.0 (1 constraints: 0805fd35)
net.bytebuddy:byte-buddy:1.15.11 (1 constraints: 7f0bc9ea)
org.apiguardian:apiguardian-api:1.1.2 (6 constraints: 5366ce6e)
org.assertj:assertj-core:3.27.3 (1 constraints: 4105513b)
org.codehaus.groovy:groovy:3.0.9 (1 constraints: 380d141f)
org.hamcrest:hamcrest:2.2 (1 constraints: d20cdc04)
org.junit.jupiter:junit-jupiter:5.12.0 (1 constraints: 79071177)
org.junit.jupiter:junit-jupiter-api:5.12.0 (3 constraints: f12f1a51)
org.junit.jupiter:junit-jupiter-engine:5.12.0 (1 constraints: 350e034a)
org.junit.jupiter:junit-jupiter-params:5.12.0 (1 constraints: 350e034a)
org.junit.platform:junit-platform-commons:1.12.0 (2 constraints: 2f218983)
org.junit.platform:junit-platform-engine:1.12.0 (3 constraints: 7c3095a0)
org.junit.platform:junit-platform-launcher:1.12.0 (1 constraints: 36052f3b)
org.opentest4j:opentest4j:1.3.0 (2 constraints: cf209249)
org.spockframework:spock-core:2.1-groovy-3.0 (1 constraints: 3808bd76)
