# Run ./gradlew --write-locks to regenerate this file
com.google.code.findbugs:jsr305:3.0.2 (1 constraints: 170aecb4)
com.google.errorprone:error_prone_annotations:2.11.0 (1 constraints: 460a32bf)
com.google.guava:failureaccess:1.0.1 (1 constraints: 140ae1b4)
com.google.guava:guava:31.1-jre (1 constraints: 47069c47)
com.google.guava:listenablefuture:9999.0-empty-to-avoid-conflict-with-guava (1 constraints: bd17c918)
com.google.j2objc:j2objc-annotations:1.3 (1 constraints: b809eda0)
com.googlecode.javaewah:JavaEWAH:1.1.13 (1 constraints: 760eef5e)
org.checkerframework:checker-qual:3.12.0 (1 constraints: 480a3bbf)
org.eclipse.jgit:org.eclipse.jgit:6.1.0.202203080745-r (1 constraints: 37081099)
org.immutables:value:2.8.8 (1 constraints: 14051536)
org.slf4j:slf4j-api:1.7.30 (1 constraints: 7b0e085f)

[Test dependencies]
com.fasterxml.jackson.core:jackson-annotations:2.13.4 (1 constraints: 8a123921)
com.fasterxml.jackson.core:jackson-core:2.13.4 (1 constraints: 8a123921)
com.fasterxml.jackson.core:jackson-databind:2.13.4.2 (1 constraints: 9c054246)
junit:junit:4.13.2 (2 constraints: eb154ef7)
net.bytebuddy:byte-buddy:1.12.10 (1 constraints: 7b0bbcea)
org.apiguardian:apiguardian-api:1.1.2 (6 constraints: 896455cc)
org.assertj:assertj-core:3.23.1 (1 constraints: 3b05433b)
org.codehaus.groovy:groovy:3.0.9 (1 constraints: 380d141f)
org.hamcrest:hamcrest:2.2 (1 constraints: d20cdc04)
org.hamcrest:hamcrest-core:1.3 (1 constraints: cc05fe3f)
org.junit.jupiter:junit-jupiter:5.9.1 (1 constraints: 11052036)
org.junit.jupiter:junit-jupiter-api:5.9.1 (3 constraints: 762f7ddd)
org.junit.jupiter:junit-jupiter-engine:5.9.1 (1 constraints: 0c0ee13b)
org.junit.jupiter:junit-jupiter-params:5.9.1 (1 constraints: 0c0ee13b)
org.junit.platform:junit-platform-commons:1.9.1 (2 constraints: dd200f4b)
org.junit.platform:junit-platform-engine:1.9.1 (3 constraints: 602e777f)
org.junit.vintage:junit-vintage-engine:5.9.1 (1 constraints: 11052036)
org.opentest4j:opentest4j:1.2.0 (2 constraints: cd205b49)
org.spockframework:spock-core:2.1-groovy-3.0 (1 constraints: 3808bd76)
